
Microsoft Visual Studio Solution File, Format Version 12.00
# Visual Studio Version 16
VisualStudioVersion = 16.0.30517.126
MinimumVisualStudioVersion = 10.0.40219.1
Project("{FAE04EC0-301F-11D3-BF4B-00C04F79EFBC}") = "ConsoleApp6", "ConsoleApp6\ConsoleApp6.csproj", "{A85F9A99-5DB0-4068-B959-0A081336E45A}"
EndProject
Global
	GlobalSection(SolutionConfigurationPlatforms) = preSolution
		Debug|Any CPU = Debug|Any CPU
		Release|Any CPU = Release|Any CPU
	EndGlobalSection
	GlobalSection(ProjectConfigurationPlatforms) = postSolution
		{A85F9A99-5DB0-4068-B959-0A081336E45A}.Debug|Any CPU.ActiveCfg = Debug|Any CPU
		{A85F9A99-5DB0-4068-B959-0A081336E45A}.Debug|Any CPU.Build.0 = Debug|Any CPU
		{A85F9A99-5DB0-4068-B959-0A081336E45A}.Release|Any CPU.ActiveCfg = Release|Any CPU
		{A85F9A99-5DB0-4068-B959-0A081336E45A}.Release|Any CPU.Build.0 = Release|Any CPU
	EndGlobalSection
	GlobalSection(SolutionProperties) = preSolution
		HideSolutionNode = FALSE
	EndGlobalSection
	GlobalSection(ExtensibilityGlobals) = postSolution
		SolutionGuid = {62A90D54-C1BB-4F29-B9DC-20B685B5F4DA}
	EndGlobalSection
EndGlobal
